
Microsoft Visual Studio Solution File, Format Version 12.00
# Visual Studio Version 16
VisualStudioVersion = 16.0.30225.117
MinimumVisualStudioVersion = 10.0.40219.1
Project("{888888A0-9F3D-457C-B088-3A5042F75D52}") = "test_proj", "test_proj\test_proj.pyproj", "{0C0EE782-89F7-408F-B7F7-723606C12B30}"
EndProject
Global
	GlobalSection(SolutionConfigurationPlatforms) = preSolution
		Debug|Any CPU = Debug|Any CPU
		Release|Any CPU = Release|Any CPU
	EndGlobalSection
	GlobalSection(ProjectConfigurationPlatforms) = postSolution
		{0C0EE782-89F7-408F-B7F7-723606C12B30}.Debug|Any CPU.ActiveCfg = Debug|Any CPU
		{0C0EE782-89F7-408F-B7F7-723606C12B30}.Release|Any CPU.ActiveCfg = Release|Any CPU
	EndGlobalSection
	GlobalSection(SolutionProperties) = preSolution
		HideSolutionNode = FALSE
	EndGlobalSection
	GlobalSection(ExtensibilityGlobals) = postSolution
		SolutionGuid = {B36F0C8B-F1AA-49CD-B81B-3367ED88C6C2}
	EndGlobalSection
EndGlobal
